
Microsoft Visual Studio Solution File, Format Version 12.00
# Visual Studio 14
VisualStudioVersion = 14.0.22823.1
MinimumVisualStudioVersion = 10.0.40219.1
Project("{FAE04EC0-301F-11D3-BF4B-00C04F79EFBC}") = "NoughtsAndCrosses", "NoughtsAndCrosses\NoughtsAndCrosses.csproj", "{18B815CD-747C-44A2-A89A-986DE3896217}"
EndProject
Global
	GlobalSection(SolutionConfigurationPlatforms) = preSolution
		Debug|ARM = Debug|ARM
		Debug|x64 = Debug|x64
		Debug|x86 = Debug|x86
		Release|ARM = Release|ARM
		Release|x64 = Release|x64
		Release|x86 = Release|x86
	EndGlobalSection
	GlobalSection(ProjectConfigurationPlatforms) = postSolution
		{18B815CD-747C-44A2-A89A-986DE3896217}.Debug|ARM.ActiveCfg = Debug|ARM
		{18B815CD-747C-44A2-A89A-986DE3896217}.Debug|ARM.Build.0 = Debug|ARM
		{18B815CD-747C-44A2-A89A-986DE3896217}.Debug|ARM.Deploy.0 = Debug|ARM
		{18B815CD-747C-44A2-A89A-986DE3896217}.Debug|x64.ActiveCfg = Debug|x64
		{18B815CD-747C-44A2-A89A-986DE3896217}.Debug|x64.Build.0 = Debug|x64
		{18B815CD-747C-44A2-A89A-986DE3896217}.Debug|x64.Deploy.0 = Debug|x64
		{18B815CD-747C-44A2-A89A-986DE3896217}.Debug|x86.ActiveCfg = Debug|x86
		{18B815CD-747C-44A2-A89A-986DE3896217}.Debug|x86.Build.0 = Debug|x86
		{18B815CD-747C-44A2-A89A-986DE3896217}.Debug|x86.Deploy.0 = Debug|x86
		{18B815CD-747C-44A2-A89A-986DE3896217}.Release|ARM.ActiveCfg = Release|ARM
		{18B815CD-747C-44A2-A89A-986DE3896217}.Release|ARM.Build.0 = Release|ARM
		{18B815CD-747C-44A2-A89A-986DE3896217}.Release|ARM.Deploy.0 = Release|ARM
		{18B815CD-747C-44A2-A89A-986DE3896217}.Release|x64.ActiveCfg = Release|x64
		{18B815CD-747C-44A2-A89A-986DE3896217}.Release|x64.Build.0 = Release|x64
		{18B815CD-747C-44A2-A89A-986DE3896217}.Release|x64.Deploy.0 = Release|x64
		{18B815CD-747C-44A2-A89A-986DE3896217}.Release|x86.ActiveCfg = Release|x86
		{18B815CD-747C-44A2-A89A-986DE3896217}.Release|x86.Build.0 = Release|x86
		{18B815CD-747C-44A2-A89A-986DE3896217}.Release|x86.Deploy.0 = Release|x86
	EndGlobalSection
	GlobalSection(SolutionProperties) = preSolution
		HideSolutionNode = FALSE
	EndGlobalSection
EndGlobal
